
Microsoft Visual Studio Solution File, Format Version 12.00
Project("{2150E333-8FDC-42A3-9474-1A3956D46DE8}") = "src", "src", "{38A40E29-1613-42AA-89E7-637EDD75A814}"
EndProject
Project("{2150E333-8FDC-42A3-9474-1A3956D46DE8}") = "tests", "tests", "{35E7A3D2-183C-44F7-979A-9E25CC20F337}"
EndProject
Project("{FAE04EC0-301F-11D3-BF4B-00C04F79EFBC}") = "Api", "Api\Api.csproj", "{C21C521C-0FE2-4909-9154-C8CFB835BA31}"
EndProject
Project("{2150E333-8FDC-42A3-9474-1A3956D46DE8}") = "DataManagement", "DataManagement", "{29C5443C-D810-4B2B-A297-2B96DC4A67E0}"
EndProject
Project("{FAE04EC0-301F-11D3-BF4B-00C04F79EFBC}") = "DataManagement.Domain", "DataManagement.Domain\DataManagement.Domain.csproj", "{3B45F07B-2FCA-4155-8CFF-87A81C6F611A}"
EndProject
Project("{2150E333-8FDC-42A3-9474-1A3956D46DE8}") = "DataManagement", "DataManagement", "{9596CCC4-0EF8-437B-A22F-72278EAAE8EF}"
EndProject
Project("{FAE04EC0-301F-11D3-BF4B-00C04F79EFBC}") = "DataManagement.Domain.UnitTests", "DataManagement.Domain.UnitTests\DataManagement.Domain.UnitTests.csproj", "{E0427844-5F8D-4EDD-881F-F435CD986413}"
EndProject
Project("{FAE04EC0-301F-11D3-BF4B-00C04F79EFBC}") = "DataManagement.Application", "DataManagement.Application\DataManagement.Application.csproj", "{C56D13AF-01BA-4AC7-831E-2778C1C08A75}"
EndProject
Project("{FAE04EC0-301F-11D3-BF4B-00C04F79EFBC}") = "DataManagement.Application.UnitTests", "DataManagement.Application.UnitTests\DataManagement.Application.UnitTests.csproj", "{64A79E48-A0AF-46E5-B959-03AC680E3501}"
EndProject
Project("{FAE04EC0-301F-11D3-BF4B-00C04F79EFBC}") = "DataManagement.Infrastructure", "DataManagement.Infrastructure\DataManagement.Infrastructure.csproj", "{77E29E6B-2A15-4990-A6F4-866A7EC703A2}"
EndProject
Global
	GlobalSection(SolutionConfigurationPlatforms) = preSolution
		Debug|Any CPU = Debug|Any CPU
		Release|Any CPU = Release|Any CPU
	EndGlobalSection
	GlobalSection(NestedProjects) = preSolution
		{C21C521C-0FE2-4909-9154-C8CFB835BA31} = {38A40E29-1613-42AA-89E7-637EDD75A814}
		{29C5443C-D810-4B2B-A297-2B96DC4A67E0} = {38A40E29-1613-42AA-89E7-637EDD75A814}
		{3B45F07B-2FCA-4155-8CFF-87A81C6F611A} = {29C5443C-D810-4B2B-A297-2B96DC4A67E0}
		{9596CCC4-0EF8-437B-A22F-72278EAAE8EF} = {35E7A3D2-183C-44F7-979A-9E25CC20F337}
		{E0427844-5F8D-4EDD-881F-F435CD986413} = {9596CCC4-0EF8-437B-A22F-72278EAAE8EF}
		{C56D13AF-01BA-4AC7-831E-2778C1C08A75} = {29C5443C-D810-4B2B-A297-2B96DC4A67E0}
		{64A79E48-A0AF-46E5-B959-03AC680E3501} = {9596CCC4-0EF8-437B-A22F-72278EAAE8EF}
		{77E29E6B-2A15-4990-A6F4-866A7EC703A2} = {29C5443C-D810-4B2B-A297-2B96DC4A67E0}
	EndGlobalSection
	GlobalSection(ProjectConfigurationPlatforms) = postSolution
		{C21C521C-0FE2-4909-9154-C8CFB835BA31}.Debug|Any CPU.ActiveCfg = Debug|Any CPU
		{C21C521C-0FE2-4909-9154-C8CFB835BA31}.Debug|Any CPU.Build.0 = Debug|Any CPU
		{C21C521C-0FE2-4909-9154-C8CFB835BA31}.Release|Any CPU.ActiveCfg = Release|Any CPU
		{C21C521C-0FE2-4909-9154-C8CFB835BA31}.Release|Any CPU.Build.0 = Release|Any CPU
		{3B45F07B-2FCA-4155-8CFF-87A81C6F611A}.Debug|Any CPU.ActiveCfg = Debug|Any CPU
		{3B45F07B-2FCA-4155-8CFF-87A81C6F611A}.Debug|Any CPU.Build.0 = Debug|Any CPU
		{3B45F07B-2FCA-4155-8CFF-87A81C6F611A}.Release|Any CPU.ActiveCfg = Release|Any CPU
		{3B45F07B-2FCA-4155-8CFF-87A81C6F611A}.Release|Any CPU.Build.0 = Release|Any CPU
		{E0427844-5F8D-4EDD-881F-F435CD986413}.Debug|Any CPU.ActiveCfg = Debug|Any CPU
		{E0427844-5F8D-4EDD-881F-F435CD986413}.Debug|Any CPU.Build.0 = Debug|Any CPU
		{E0427844-5F8D-4EDD-881F-F435CD986413}.Release|Any CPU.ActiveCfg = Release|Any CPU
		{E0427844-5F8D-4EDD-881F-F435CD986413}.Release|Any CPU.Build.0 = Release|Any CPU
		{C56D13AF-01BA-4AC7-831E-2778C1C08A75}.Debug|Any CPU.ActiveCfg = Debug|Any CPU
		{C56D13AF-01BA-4AC7-831E-2778C1C08A75}.Debug|Any CPU.Build.0 = Debug|Any CPU
		{C56D13AF-01BA-4AC7-831E-2778C1C08A75}.Release|Any CPU.ActiveCfg = Release|Any CPU
		{C56D13AF-01BA-4AC7-831E-2778C1C08A75}.Release|Any CPU.Build.0 = Release|Any CPU
		{64A79E48-A0AF-46E5-B959-03AC680E3501}.Debug|Any CPU.ActiveCfg = Debug|Any CPU
		{64A79E48-A0AF-46E5-B959-03AC680E3501}.Debug|Any CPU.Build.0 = Debug|Any CPU
		{64A79E48-A0AF-46E5-B959-03AC680E3501}.Release|Any CPU.ActiveCfg = Release|Any CPU
		{64A79E48-A0AF-46E5-B959-03AC680E3501}.Release|Any CPU.Build.0 = Release|Any CPU
		{77E29E6B-2A15-4990-A6F4-866A7EC703A2}.Debug|Any CPU.ActiveCfg = Debug|Any CPU
		{77E29E6B-2A15-4990-A6F4-866A7EC703A2}.Debug|Any CPU.Build.0 = Debug|Any CPU
		{77E29E6B-2A15-4990-A6F4-866A7EC703A2}.Release|Any CPU.ActiveCfg = Release|Any CPU
		{77E29E6B-2A15-4990-A6F4-866A7EC703A2}.Release|Any CPU.Build.0 = Release|Any CPU
	EndGlobalSection
EndGlobal
